Microsoft Visual Studio Solution File, Format Version 12.00
# Visual Studio Version 17
VisualStudioVersion = 17.5.2.0
MinimumVisualStudioVersion = 10.0.40219.1
Project("{FAE04EC0-301F-11D3-BF4B-00C04F79EFBC}") = "Listas_Enlazada_1", "Listas_Enlazada_1.csproj", "{ABD87AA1-594A-592B-1740-B91019CF64C3}"
EndProject
Global
	GlobalSection(SolutionConfigurationPlatforms) = preSolution
		Debug|Any CPU = Debug|Any CPU
		Release|Any CPU = Release|Any CPU
	EndGlobalSection
	GlobalSection(ProjectConfigurationPlatforms) = postSolution
		{ABD87AA1-594A-592B-1740-B91019CF64C3}.Debug|Any CPU.ActiveCfg = Debug|Any CPU
		{ABD87AA1-594A-592B-1740-B91019CF64C3}.Debug|Any CPU.Build.0 = Debug|Any CPU
		{ABD87AA1-594A-592B-1740-B91019CF64C3}.Release|Any CPU.ActiveCfg = Release|Any CPU
		{ABD87AA1-594A-592B-1740-B91019CF64C3}.Release|Any CPU.Build.0 = Release|Any CPU
	EndGlobalSection
	GlobalSection(SolutionProperties) = preSolution
		HideSolutionNode = FALSE
	EndGlobalSection
	GlobalSection(ExtensibilityGlobals) = postSolution
		SolutionGuid = {5549358A-FE5F-445C-9E64-36A956C21055}
	EndGlobalSection
EndGlobal
